
Microsoft Visual Studio Solution File, Format Version 12.00
# Visual Studio Version 18
VisualStudioVersion = 18.3.11520.95 d18.3
MinimumVisualStudioVersion = 10.0.40219.1
Project("{E24C65DC-7377-472B-9ABA-BC803B73C61A}") = "interacthub-client", "interacthub-client\", "{FD94476B-B387-BEB4-ABAB-8984492D21AC}"
	ProjectSection(WebsiteProperties) = preProject
		TargetFrameworkMoniker = ".NETFramework,Version%3Dv4.8"
		Debug.AspNetCompiler.VirtualPath = "/localhost_51355"
		Debug.AspNetCompiler.PhysicalPath = "interacthub-client\"
		Debug.AspNetCompiler.TargetPath = "PrecompiledWeb\localhost_51355\"
		Debug.AspNetCompiler.Updateable = "true"
		Debug.AspNetCompiler.ForceOverwrite = "true"
		Debug.AspNetCompiler.FixedNames = "false"
		Debug.AspNetCompiler.Debug = "True"
		Release.AspNetCompiler.VirtualPath = "/localhost_51355"
		Release.AspNetCompiler.PhysicalPath = "interacthub-client\"
		Release.AspNetCompiler.TargetPath = "PrecompiledWeb\localhost_51355\"
		Release.AspNetCompiler.Updateable = "true"
		Release.AspNetCompiler.ForceOverwrite = "true"
		Release.AspNetCompiler.FixedNames = "false"
		Release.AspNetCompiler.Debug = "False"
		VWDPort = "51355"
	EndProjectSection
EndProject
Project("{FAE04EC0-301F-11D3-BF4B-00C04F79EFBC}") = "InteractHub.API", "InteractHub.API\InteractHub.API.csproj", "{115A259A-968C-197E-9C09-CD68606D8DEA}"
EndProject
Project("{FAE04EC0-301F-11D3-BF4B-00C04F79EFBC}") = "InteractHub.Test", "InteractHub.Test\InteractHub.Test.csproj", "{827B6B82-803B-9112-6AB8-4038393FA0A1}"
EndProject
Global
	GlobalSection(SolutionConfigurationPlatforms) = preSolution
		Debug|Any CPU = Debug|Any CPU
		Release|Any CPU = Release|Any CPU
	EndGlobalSection
	GlobalSection(ProjectConfigurationPlatforms) = postSolution
		{FD94476B-B387-BEB4-ABAB-8984492D21AC}.Debug|Any CPU.ActiveCfg = Debug|Any CPU
		{FD94476B-B387-BEB4-ABAB-8984492D21AC}.Debug|Any CPU.Build.0 = Debug|Any CPU
		{FD94476B-B387-BEB4-ABAB-8984492D21AC}.Release|Any CPU.ActiveCfg = Debug|Any CPU
		{FD94476B-B387-BEB4-ABAB-8984492D21AC}.Release|Any CPU.Build.0 = Debug|Any CPU
		{115A259A-968C-197E-9C09-CD68606D8DEA}.Debug|Any CPU.ActiveCfg = Debug|Any CPU
		{115A259A-968C-197E-9C09-CD68606D8DEA}.Debug|Any CPU.Build.0 = Debug|Any CPU
		{115A259A-968C-197E-9C09-CD68606D8DEA}.Release|Any CPU.ActiveCfg = Release|Any CPU
		{115A259A-968C-197E-9C09-CD68606D8DEA}.Release|Any CPU.Build.0 = Release|Any CPU
		{827B6B82-803B-9112-6AB8-4038393FA0A1}.Debug|Any CPU.ActiveCfg = Debug|Any CPU
		{827B6B82-803B-9112-6AB8-4038393FA0A1}.Debug|Any CPU.Build.0 = Debug|Any CPU
		{827B6B82-803B-9112-6AB8-4038393FA0A1}.Release|Any CPU.ActiveCfg = Release|Any CPU
		{827B6B82-803B-9112-6AB8-4038393FA0A1}.Release|Any CPU.Build.0 = Release|Any CPU
	EndGlobalSection
	GlobalSection(SolutionProperties) = preSolution
		HideSolutionNode = FALSE
	EndGlobalSection
EndGlobal
